
Microsoft Visual Studio Solution File, Format Version 12.00
Project("{2150E333-8FDC-42A3-9474-1A3956D46DE8}") = "Core", "Core", "{8229EBE5-6F4B-41A3-AC73-3A805BD997E3}"
EndProject
Project("{FAE04EC0-301F-11D3-BF4B-00C04F79EFBC}") = "HEngine.Core", "Src\Core\HEngine.Core\HEngine.Core.csproj", "{E5FCDCD2-19F2-4A33-BBFC-13B4688A1CF6}"
EndProject
Project("{2150E333-8FDC-42A3-9474-1A3956D46DE8}") = "Benchmarks", "Benchmarks", "{31F1F90B-444D-4FFC-95FF-FE16ACBF36C4}"
EndProject
Project("{FAE04EC0-301F-11D3-BF4B-00C04F79EFBC}") = "HEngine.Core.Benchmarks", "Benchmarks\HEngine.Core.Benchmarks\HEngine.Core.Benchmarks.csproj", "{D48247BF-70BA-4CF7-B6F1-2C5403491BD6}"
EndProject
Project("{2150E333-8FDC-42A3-9474-1A3956D46DE8}") = "Tests", "Tests", "{D9A948F7-0BEC-4768-889E-8571A55AD15E}"
EndProject
Project("{2150E333-8FDC-42A3-9474-1A3956D46DE8}") = "Core", "Core", "{99FDD3AF-62D8-475D-A044-624B7A51AB8E}"
EndProject
Project("{FAE04EC0-301F-11D3-BF4B-00C04F79EFBC}") = "HEngine.Core.Tests", "Tests\HEngine.Core.Tests\HEngine.Core.Tests.csproj", "{8B2C64AC-9317-4ABB-AA6E-5119677B4A7F}"
EndProject
Project("{2150E333-8FDC-42A3-9474-1A3956D46DE8}") = "Rendering", "Rendering", "{8BA062C9-75E0-4CBD-B51B-6FF5921EE186}"
EndProject
Project("{FAE04EC0-301F-11D3-BF4B-00C04F79EFBC}") = "HEngine.Rendering", "Src\Rendering\HEngine.Rendering\HEngine.Rendering.csproj", "{8C28BE29-5EEC-4ED2-916C-89E9B9237722}"
EndProject
Project("{FAE04EC0-301F-11D3-BF4B-00C04F79EFBC}") = "HEngine", "HEngine\HEngine.csproj", "{E878F9B8-12D2-446B-9ECA-286E82826FB3}"
EndProject
Project("{FAE04EC0-301F-11D3-BF4B-00C04F79EFBC}") = "HEngine.Rendering.Tests", "Tests\HEngine.Rendering.Tests\HEngine.Rendering.Tests.csproj", "{52ADB9E7-003B-4052-9139-AE73C6AD15D9}"
EndProject
Project("{2150E333-8FDC-42A3-9474-1A3956D46DE8}") = "Engine", "Engine", "{2EBC6D72-5951-42FB-88BC-942F19A98E0C}"
EndProject
Project("{2150E333-8FDC-42A3-9474-1A3956D46DE8}") = "Editor", "Editor", "{0F7E628C-B375-422B-B8CB-187FC903864E}"
EndProject
Project("{2150E333-8FDC-42A3-9474-1A3956D46DE8}") = "Rendering", "Rendering", "{71FCBA5B-D691-4A69-BE5E-B940A260F163}"
EndProject
Global
	GlobalSection(SolutionConfigurationPlatforms) = preSolution
		Debug|Any CPU = Debug|Any CPU
		Debug|x64 = Debug|x64
		Debug|x86 = Debug|x86
		Release|Any CPU = Release|Any CPU
		Release|x64 = Release|x64
		Release|x86 = Release|x86
	EndGlobalSection
	GlobalSection(ProjectConfigurationPlatforms) = postSolution
		{E5FCDCD2-19F2-4A33-BBFC-13B4688A1CF6}.Debug|Any CPU.ActiveCfg = Debug|Any CPU
		{E5FCDCD2-19F2-4A33-BBFC-13B4688A1CF6}.Debug|Any CPU.Build.0 = Debug|Any CPU
		{E5FCDCD2-19F2-4A33-BBFC-13B4688A1CF6}.Debug|x64.ActiveCfg = Debug|Any CPU
		{E5FCDCD2-19F2-4A33-BBFC-13B4688A1CF6}.Debug|x64.Build.0 = Debug|Any CPU
		{E5FCDCD2-19F2-4A33-BBFC-13B4688A1CF6}.Debug|x86.ActiveCfg = Debug|Any CPU
		{E5FCDCD2-19F2-4A33-BBFC-13B4688A1CF6}.Debug|x86.Build.0 = Debug|Any CPU
		{E5FCDCD2-19F2-4A33-BBFC-13B4688A1CF6}.Release|Any CPU.ActiveCfg = Release|Any CPU
		{E5FCDCD2-19F2-4A33-BBFC-13B4688A1CF6}.Release|Any CPU.Build.0 = Release|Any CPU
		{E5FCDCD2-19F2-4A33-BBFC-13B4688A1CF6}.Release|x64.ActiveCfg = Release|Any CPU
		{E5FCDCD2-19F2-4A33-BBFC-13B4688A1CF6}.Release|x64.Build.0 = Release|Any CPU
		{E5FCDCD2-19F2-4A33-BBFC-13B4688A1CF6}.Release|x86.ActiveCfg = Release|Any CPU
		{E5FCDCD2-19F2-4A33-BBFC-13B4688A1CF6}.Release|x86.Build.0 = Release|Any CPU
		{D48247BF-70BA-4CF7-B6F1-2C5403491BD6}.Debug|Any CPU.ActiveCfg = Debug|Any CPU
		{D48247BF-70BA-4CF7-B6F1-2C5403491BD6}.Debug|Any CPU.Build.0 = Debug|Any CPU
		{D48247BF-70BA-4CF7-B6F1-2C5403491BD6}.Debug|x64.ActiveCfg = Debug|Any CPU
		{D48247BF-70BA-4CF7-B6F1-2C5403491BD6}.Debug|x64.Build.0 = Debug|Any CPU
		{D48247BF-70BA-4CF7-B6F1-2C5403491BD6}.Debug|x86.ActiveCfg = Debug|Any CPU
		{D48247BF-70BA-4CF7-B6F1-2C5403491BD6}.Debug|x86.Build.0 = Debug|Any CPU
		{D48247BF-70BA-4CF7-B6F1-2C5403491BD6}.Release|Any CPU.ActiveCfg = Release|Any CPU
		{D48247BF-70BA-4CF7-B6F1-2C5403491BD6}.Release|Any CPU.Build.0 = Release|Any CPU
		{D48247BF-70BA-4CF7-B6F1-2C5403491BD6}.Release|x64.ActiveCfg = Release|Any CPU
		{D48247BF-70BA-4CF7-B6F1-2C5403491BD6}.Release|x64.Build.0 = Release|Any CPU
		{D48247BF-70BA-4CF7-B6F1-2C5403491BD6}.Release|x86.ActiveCfg = Release|Any CPU
		{D48247BF-70BA-4CF7-B6F1-2C5403491BD6}.Release|x86.Build.0 = Release|Any CPU
		{8B2C64AC-9317-4ABB-AA6E-5119677B4A7F}.Debug|Any CPU.ActiveCfg = Debug|Any CPU
		{8B2C64AC-9317-4ABB-AA6E-5119677B4A7F}.Debug|Any CPU.Build.0 = Debug|Any CPU
		{8B2C64AC-9317-4ABB-AA6E-5119677B4A7F}.Debug|x64.ActiveCfg = Debug|Any CPU
		{8B2C64AC-9317-4ABB-AA6E-5119677B4A7F}.Debug|x64.Build.0 = Debug|Any CPU
		{8B2C64AC-9317-4ABB-AA6E-5119677B4A7F}.Debug|x86.ActiveCfg = Debug|Any CPU
		{8B2C64AC-9317-4ABB-AA6E-5119677B4A7F}.Debug|x86.Build.0 = Debug|Any CPU
		{8B2C64AC-9317-4ABB-AA6E-5119677B4A7F}.Release|Any CPU.ActiveCfg = Release|Any CPU
		{8B2C64AC-9317-4ABB-AA6E-5119677B4A7F}.Release|Any CPU.Build.0 = Release|Any CPU
		{8B2C64AC-9317-4ABB-AA6E-5119677B4A7F}.Release|x64.ActiveCfg = Release|Any CPU
		{8B2C64AC-9317-4ABB-AA6E-5119677B4A7F}.Release|x64.Build.0 = Release|Any CPU
		{8B2C64AC-9317-4ABB-AA6E-5119677B4A7F}.Release|x86.ActiveCfg = Release|Any CPU
		{8B2C64AC-9317-4ABB-AA6E-5119677B4A7F}.Release|x86.Build.0 = Release|Any CPU
		{8C28BE29-5EEC-4ED2-916C-89E9B9237722}.Debug|Any CPU.ActiveCfg = Debug|Any CPU
		{8C28BE29-5EEC-4ED2-916C-89E9B9237722}.Debug|Any CPU.Build.0 = Debug|Any CPU
		{8C28BE29-5EEC-4ED2-916C-89E9B9237722}.Debug|x64.ActiveCfg = Debug|Any CPU
		{8C28BE29-5EEC-4ED2-916C-89E9B9237722}.Debug|x64.Build.0 = Debug|Any CPU
		{8C28BE29-5EEC-4ED2-916C-89E9B9237722}.Debug|x86.ActiveCfg = Debug|Any CPU
		{8C28BE29-5EEC-4ED2-916C-89E9B9237722}.Debug|x86.Build.0 = Debug|Any CPU
		{8C28BE29-5EEC-4ED2-916C-89E9B9237722}.Release|Any CPU.ActiveCfg = Release|Any CPU
		{8C28BE29-5EEC-4ED2-916C-89E9B9237722}.Release|Any CPU.Build.0 = Release|Any CPU
		{8C28BE29-5EEC-4ED2-916C-89E9B9237722}.Release|x64.ActiveCfg = Release|Any CPU
		{8C28BE29-5EEC-4ED2-916C-89E9B9237722}.Release|x64.Build.0 = Release|Any CPU
		{8C28BE29-5EEC-4ED2-916C-89E9B9237722}.Release|x86.ActiveCfg = Release|Any CPU
		{8C28BE29-5EEC-4ED2-916C-89E9B9237722}.Release|x86.Build.0 = Release|Any CPU
		{E878F9B8-12D2-446B-9ECA-286E82826FB3}.Debug|Any CPU.ActiveCfg = Debug|Any CPU
		{E878F9B8-12D2-446B-9ECA-286E82826FB3}.Debug|Any CPU.Build.0 = Debug|Any CPU
		{E878F9B8-12D2-446B-9ECA-286E82826FB3}.Debug|x64.ActiveCfg = Debug|Any CPU
		{E878F9B8-12D2-446B-9ECA-286E82826FB3}.Debug|x64.Build.0 = Debug|Any CPU
		{E878F9B8-12D2-446B-9ECA-286E82826FB3}.Debug|x86.ActiveCfg = Debug|Any CPU
		{E878F9B8-12D2-446B-9ECA-286E82826FB3}.Debug|x86.Build.0 = Debug|Any CPU
		{E878F9B8-12D2-446B-9ECA-286E82826FB3}.Release|Any CPU.ActiveCfg = Release|Any CPU
		{E878F9B8-12D2-446B-9ECA-286E82826FB3}.Release|Any CPU.Build.0 = Release|Any CPU
		{E878F9B8-12D2-446B-9ECA-286E82826FB3}.Release|x64.ActiveCfg = Release|Any CPU
		{E878F9B8-12D2-446B-9ECA-286E82826FB3}.Release|x64.Build.0 = Release|Any CPU
		{E878F9B8-12D2-446B-9ECA-286E82826FB3}.Release|x86.ActiveCfg = Release|Any CPU
		{E878F9B8-12D2-446B-9ECA-286E82826FB3}.Release|x86.Build.0 = Release|Any CPU
		{52ADB9E7-003B-4052-9139-AE73C6AD15D9}.Debug|Any CPU.ActiveCfg = Debug|Any CPU
		{52ADB9E7-003B-4052-9139-AE73C6AD15D9}.Debug|Any CPU.Build.0 = Debug|Any CPU
		{52ADB9E7-003B-4052-9139-AE73C6AD15D9}.Debug|x64.ActiveCfg = Debug|Any CPU
		{52ADB9E7-003B-4052-9139-AE73C6AD15D9}.Debug|x64.Build.0 = Debug|Any CPU
		{52ADB9E7-003B-4052-9139-AE73C6AD15D9}.Debug|x86.ActiveCfg = Debug|Any CPU
		{52ADB9E7-003B-4052-9139-AE73C6AD15D9}.Debug|x86.Build.0 = Debug|Any CPU
		{52ADB9E7-003B-4052-9139-AE73C6AD15D9}.Release|Any CPU.ActiveCfg = Release|Any CPU
		{52ADB9E7-003B-4052-9139-AE73C6AD15D9}.Release|Any CPU.Build.0 = Release|Any CPU
		{52ADB9E7-003B-4052-9139-AE73C6AD15D9}.Release|x64.ActiveCfg = Release|Any CPU
		{52ADB9E7-003B-4052-9139-AE73C6AD15D9}.Release|x64.Build.0 = Release|Any CPU
		{52ADB9E7-003B-4052-9139-AE73C6AD15D9}.Release|x86.ActiveCfg = Release|Any CPU
		{52ADB9E7-003B-4052-9139-AE73C6AD15D9}.Release|x86.Build.0 = Release|Any CPU
	EndGlobalSection
	GlobalSection(SolutionProperties) = preSolution
		HideSolutionNode = FALSE
	EndGlobalSection
	GlobalSection(NestedProjects) = preSolution
		{E5FCDCD2-19F2-4A33-BBFC-13B4688A1CF6} = {8229EBE5-6F4B-41A3-AC73-3A805BD997E3}
		{D48247BF-70BA-4CF7-B6F1-2C5403491BD6} = {31F1F90B-444D-4FFC-95FF-FE16ACBF36C4}
		{99FDD3AF-62D8-475D-A044-624B7A51AB8E} = {D9A948F7-0BEC-4768-889E-8571A55AD15E}
		{8B2C64AC-9317-4ABB-AA6E-5119677B4A7F} = {99FDD3AF-62D8-475D-A044-624B7A51AB8E}
		{8C28BE29-5EEC-4ED2-916C-89E9B9237722} = {8BA062C9-75E0-4CBD-B51B-6FF5921EE186}
		{52ADB9E7-003B-4052-9139-AE73C6AD15D9} = {D9A948F7-0BEC-4768-889E-8571A55AD15E}
		{71FCBA5B-D691-4A69-BE5E-B940A260F163} = {D9A948F7-0BEC-4768-889E-8571A55AD15E}
	EndGlobalSection
EndGlobal
